PODS:
  - audio_session (0.0.1):
    - Flutter
  - camerawesome (0.0.1):
    - Flutter
    - JPSVolumeButtonHandler
  - device_info_plus (0.0.1):
    - Flutter
  - DKImagePickerController/Core (4.3.4):
    - DKImagePickerController/ImageDataManager
    - DKImagePickerController/Resource
  - DKImagePickerController/ImageDataManager (4.3.4)
  - DKImagePickerController/PhotoGallery (4.3.4):
    - DKImagePickerController/Core
    - DKPhotoGallery
  - DKImagePickerController/Resource (4.3.4)
  - DKPhotoGallery (0.0.17):
    - DKPhotoGallery/Core (= 0.0.17)
    - DKPhotoGallery/Model (= 0.0.17)
    - DKPhotoGallery/Preview (= 0.0.17)
    - DKPhotoGallery/Resource (= 0.0.17)
    - SDWebImage
    - SwiftyGif
  - DKPhotoGallery/Core (0.0.17):
    - DKPhotoGallery/Model
    - DKPhotoGallery/Preview
    - SDWebImage
    - SwiftyGif
  - DKPhotoGallery/Model (0.0.17):
    - SDWebImage
    - SwiftyGif
  - DKPhotoGallery/Preview (0.0.17):
    - DKPhotoGallery/Model
    - DKPhotoGallery/Resource
    - SDWebImage
    - SwiftyGif
  - DKPhotoGallery/Resource (0.0.17):
    - SDWebImage
    - SwiftyGif
  - file_picker (0.0.1):
    - DKImagePickerController/PhotoGallery
    - Flutter
  - Flutter (1.0.0)
  - flutter_image_compress_common (1.0.0):
    - Flutter
    - Mantle
    - SDWebImage
    - SDWebImageWebPCoder
  - flutter_inappwebview_ios (0.0.1):
    - Flutter
    - flutter_inappwebview_ios/Core (= 0.0.1)
    - OrderedSet (~> 5.0)
  - flutter_inappwebview_ios/Core (0.0.1):
    - Flutter
    - OrderedSet (~> 5.0)
  - flutter_keyboard_visibility (0.0.1):
    - Flutter
  - image_picker_ios (0.0.1):
    - Flutter
  - irondash_engine_context (0.0.1):
    - Flutter
  - JPSVolumeButtonHandler (1.0.5)
  - just_audio (0.0.1):
    - Flutter
  - libwebp (1.3.1):
    - libwebp/demux (= 1.3.1)
    - libwebp/mux (= 1.3.1)
    - libwebp/sharpyuv (= 1.3.1)
    - libwebp/webp (= 1.3.1)
  - libwebp/demux (1.3.1):
    - libwebp/webp
  - libwebp/mux (1.3.1):
    - libwebp/demux
  - libwebp/sharpyuv (1.3.1)
  - libwebp/webp (1.3.1):
    - libwebp/sharpyuv
  - Mantle (2.2.0):
    - Mantle/extobjc (= 2.2.0)
  - Mantle/extobjc (2.2.0)
  - open_filex (0.0.2):
    - Flutter
  - OrderedSet (5.0.0)
  - package_info_plus (0.4.5):
    - Flutter
  - path_provider_foundation (0.0.1):
    - Flutter
    - FlutterMacOS
  - permission_handler_apple (9.3.0):
    - Flutter
  - record_darwin (1.0.0):
    - Flutter
    - FlutterMacOS
  - SDWebImage (5.17.0):
    - SDWebImage/Core (= 5.17.0)
  - SDWebImage/Core (5.17.0)
  - SDWebImageWebPCoder (0.13.0):
    - libwebp (~> 1.0)
    - SDWebImage/Core (~> 5.17)
  - share_plus (0.0.1):
    - Flutter
  - shared_preferences_foundation (0.0.1):
    - Flutter
    - FlutterMacOS
  - sqflite (0.0.3):
    - Flutter
    - FlutterMacOS
  - super_native_extensions (0.0.1):
    - Flutter
  - SwiftyGif (5.4.4)
  - url_launcher_ios (0.0.1):
    - Flutter
  - video_compress (0.3.0):
    - Flutter
  - video_player_avfoundation (0.0.1):
    - Flutter
    - FlutterMacOS
  - wakelock_plus (0.0.1):
    - Flutter

DEPENDENCIES:
  - audio_session (from `.symlinks/plugins/audio_session/ios`)
  - camerawesome (from `.symlinks/plugins/camerawesome/ios`)
  - device_info_plus (from `.symlinks/plugins/device_info_plus/ios`)
  - file_picker (from `.symlinks/plugins/file_picker/ios`)
  - Flutter (from `Flutter`)
  - flutter_image_compress_common (from `.symlinks/plugins/flutter_image_compress_common/ios`)
  - flutter_inappwebview_ios (from `.symlinks/plugins/flutter_inappwebview_ios/ios`)
  - flutter_keyboard_visibility (from `.symlinks/plugins/flutter_keyboard_visibility/ios`)
  - image_picker_ios (from `.symlinks/plugins/image_picker_ios/ios`)
  - irondash_engine_context (from `.symlinks/plugins/irondash_engine_context/ios`)
  - just_audio (from `.symlinks/plugins/just_audio/ios`)
  - open_filex (from `.symlinks/plugins/open_filex/ios`)
  - package_info_plus (from `.symlinks/plugins/package_info_plus/ios`)
  - path_provider_foundation (from `.symlinks/plugins/path_provider_foundation/darwin`)
  - permission_handler_apple (from `.symlinks/plugins/permission_handler_apple/ios`)
  - record_darwin (from `.symlinks/plugins/record_darwin/ios`)
  - share_plus (from `.symlinks/plugins/share_plus/ios`)
  - shared_preferences_foundation (from `.symlinks/plugins/shared_preferences_foundation/darwin`)
  - sqflite (from `.symlinks/plugins/sqflite/darwin`)
  - super_native_extensions (from `.symlinks/plugins/super_native_extensions/ios`)
  - url_launcher_ios (from `.symlinks/plugins/url_launcher_ios/ios`)
  - video_compress (from `.symlinks/plugins/video_compress/ios`)
  - video_player_avfoundation (from `.symlinks/plugins/video_player_avfoundation/darwin`)
  - wakelock_plus (from `.symlinks/plugins/wakelock_plus/ios`)

SPEC REPOS:
  trunk:
    - DKImagePickerController
    - DKPhotoGallery
    - JPSVolumeButtonHandler
    - libwebp
    - Mantle
    - OrderedSet
    - SDWebImage
    - SDWebImageWebPCoder
    - SwiftyGif

EXTERNAL SOURCES:
  audio_session:
    :path: ".symlinks/plugins/audio_session/ios"
  camerawesome:
    :path: ".symlinks/plugins/camerawesome/ios"
  device_info_plus:
    :path: ".symlinks/plugins/device_info_plus/ios"
  file_picker:
    :path: ".symlinks/plugins/file_picker/ios"
  Flutter:
    :path: Flutter
  flutter_image_compress_common:
    :path: ".symlinks/plugins/flutter_image_compress_common/ios"
  flutter_inappwebview_ios:
    :path: ".symlinks/plugins/flutter_inappwebview_ios/ios"
  flutter_keyboard_visibility:
    :path: ".symlinks/plugins/flutter_keyboard_visibility/ios"
  image_picker_ios:
    :path: ".symlinks/plugins/image_picker_ios/ios"
  irondash_engine_context:
    :path: ".symlinks/plugins/irondash_engine_context/ios"
  just_audio:
    :path: ".symlinks/plugins/just_audio/ios"
  open_filex:
    :path: ".symlinks/plugins/open_filex/ios"
  package_info_plus:
    :path: ".symlinks/plugins/package_info_plus/ios"
  path_provider_foundation:
    :path: ".symlinks/plugins/path_provider_foundation/darwin"
  permission_handler_apple:
    :path: ".symlinks/plugins/permission_handler_apple/ios"
  record_darwin:
    :path: ".symlinks/plugins/record_darwin/ios"
  share_plus:
    :path: ".symlinks/plugins/share_plus/ios"
  shared_preferences_foundation:
    :path: ".symlinks/plugins/shared_preferences_foundation/darwin"
  sqflite:
    :path: ".symlinks/plugins/sqflite/darwin"
  super_native_extensions:
    :path: ".symlinks/plugins/super_native_extensions/ios"
  url_launcher_ios:
    :path: ".symlinks/plugins/url_launcher_ios/ios"
  video_compress:
    :path: ".symlinks/plugins/video_compress/ios"
  video_player_avfoundation:
    :path: ".symlinks/plugins/video_player_avfoundation/darwin"
  wakelock_plus:
    :path: ".symlinks/plugins/wakelock_plus/ios"

SPEC CHECKSUMS:
  audio_session: 088d2483ebd1dc43f51d253d4a1c517d9a2e7207
  camerawesome: 1e06540f60158809bc70f398ed1ac2cf93fe4188
  device_info_plus: 97af1d7e84681a90d0693e63169a5d50e0839a0d
  DKImagePickerController: b512c28220a2b8ac7419f21c491fc8534b7601ac
  DKPhotoGallery: fdfad5125a9fdda9cc57df834d49df790dbb4179
  file_picker: 09aa5ec1ab24135ccd7a1621c46c84134bfd6655
  Flutter: e0871f40cf51350855a761d2e70bf5af5b9b5de7
  flutter_image_compress_common: ec1d45c362c9d30a3f6a0426c297f47c52007e3e
  flutter_inappwebview_ios: 97215cf7d4677db55df76782dbd2930c5e1c1ea0
  flutter_keyboard_visibility: 0339d06371254c3eb25eeb90ba8d17dca8f9c069
  image_picker_ios: c560581cceedb403a6ff17f2f816d7fea1421fc1
  irondash_engine_context: 3458bf979b90d616ffb8ae03a150bafe2e860cc9
  JPSVolumeButtonHandler: 53110330c9168ed325def93eabff39f0fe3e8082
  just_audio: baa7252489dbcf47a4c7cc9ca663e9661c99aafa
  libwebp: 33dc822fbbf4503668d09f7885bbfedc76c45e96
  Mantle: c5aa8794a29a022dfbbfc9799af95f477a69b62d
  open_filex: 6e26e659846ec990262224a12ef1c528bb4edbe4
  OrderedSet: aaeb196f7fef5a9edf55d89760da9176ad40b93c
  package_info_plus: 58f0028419748fad15bf008b270aaa8e54380b1c
  path_provider_foundation: 2b6b4c569c0fb62ec74538f866245ac84301af46
  permission_handler_apple: 9878588469a2b0d0fc1e048d9f43605f92e6cec2
  record_darwin: 1f6619f2abac4d1ca91d3eeab038c980d76f1517
  SDWebImage: 750adf017a315a280c60fde706ab1e552a3ae4e9
  SDWebImageWebPCoder: af09429398d99d524cae2fe00f6f0f6e491ed102
  share_plus: 8875f4f2500512ea181eef553c3e27dba5135aad
  shared_preferences_foundation: fcdcbc04712aee1108ac7fda236f363274528f78
  sqflite: 673a0e54cc04b7d6dba8d24fb8095b31c3a99eec
  super_native_extensions: 4916b3c627a9c7fffdc48a23a9eca0b1ac228fa7
  SwiftyGif: 93a1cc87bf3a51916001cf8f3d63835fb64c819f
  url_launcher_ios: 5334b05cef931de560670eeae103fd3e431ac3fe
  video_compress: fce97e4fb1dfd88175aa07d2ffc8a2f297f87fbe
  video_player_avfoundation: 7c6c11d8470e1675df7397027218274b6d2360b3
  wakelock_plus: 78ec7c5b202cab7761af8e2b2b3d0671be6c4ae1

PODFILE CHECKSUM: ef2759a31e8883d6b534c00ef22a7f4104f8de0d

COCOAPODS: 1.15.1
